
Microsoft Visual Studio Solution File, Format Version 12.00
# Visual Studio 15
VisualStudioVersion = 15.0.27428.2027
MinimumVisualStudioVersion = 10.0.40219.1
Project("{FAE04EC0-301F-11D3-BF4B-00C04F79EFBC}") = "PrimerParcialG5-2019-I", "PrimerParcialG5-2019-I\PrimerParcialG5-2019-I.csproj", "{F26DAACF-35FF-438E-ACD6-E91E9E0189AC}"
EndProject
Global
	GlobalSection(SolutionConfigurationPlatforms) = preSolution
		Debug|Any CPU = Debug|Any CPU
		Release|Any CPU = Release|Any CPU
	EndGlobalSection
	GlobalSection(ProjectConfigurationPlatforms) = postSolution
		{F26DAACF-35FF-438E-ACD6-E91E9E0189AC}.Debug|Any CPU.ActiveCfg = Debug|Any CPU
		{F26DAACF-35FF-438E-ACD6-E91E9E0189AC}.Debug|Any CPU.Build.0 = Debug|Any CPU
		{F26DAACF-35FF-438E-ACD6-E91E9E0189AC}.Release|Any CPU.ActiveCfg = Release|Any CPU
		{F26DAACF-35FF-438E-ACD6-E91E9E0189AC}.Release|Any CPU.Build.0 = Release|Any CPU
	EndGlobalSection
	GlobalSection(SolutionProperties) = preSolution
		HideSolutionNode = FALSE
	EndGlobalSection
	GlobalSection(ExtensibilityGlobals) = postSolution
		SolutionGuid = {8E68688B-19DD-420A-98E8-6C0DF6998672}
	EndGlobalSection
EndGlobal
